
Microsoft Visual Studio Solution File, Format Version 12.00
# Visual Studio 15
VisualStudioVersion = 15.0.28010.2046
MinimumVisualStudioVersion = 10.0.40219.1
Project("{FAE04EC0-301F-11D3-BF4B-00C04F79EFBC}") = "DS4Windows", "DS4Windows\DS4Windows.csproj", "{7B9354BF-AF82-4CCB-A83D-4BEB1E9D8C96}"
EndProject
Global
	GlobalSection(SolutionConfigurationPlatforms) = preSolution
		Debug|x64 = Debug|x64
		Debug|x86 = Debug|x86
		Release|x64 = Release|x64
		Release|x86 = Release|x86
	EndGlobalSection
	GlobalSection(ProjectConfigurationPlatforms) = postSolution
		{7B9354BF-AF82-4CCB-A83D-4BEB1E9D8C96}.Debug|x64.ActiveCfg = Debug|x64
		{7B9354BF-AF82-4CCB-A83D-4BEB1E9D8C96}.Debug|x64.Build.0 = Debug|x64
		{7B9354BF-AF82-4CCB-A83D-4BEB1E9D8C96}.Debug|x86.ActiveCfg = Debug|x86
		{7B9354BF-AF82-4CCB-A83D-4BEB1E9D8C96}.Debug|x86.Build.0 = Debug|x86
		{7B9354BF-AF82-4CCB-A83D-4BEB1E9D8C96}.Release|x64.ActiveCfg = Release|x64
		{7B9354BF-AF82-4CCB-A83D-4BEB1E9D8C96}.Release|x64.Build.0 = Release|x64
		{7B9354BF-AF82-4CCB-A83D-4BEB1E9D8C96}.Release|x86.ActiveCfg = Release|x86
		{7B9354BF-AF82-4CCB-A83D-4BEB1E9D8C96}.Release|x86.Build.0 = Release|x86
	EndGlobalSection
	GlobalSection(SolutionProperties) = preSolution
		HideSolutionNode = FALSE
	EndGlobalSection
	GlobalSection(ExtensibilityGlobals) = postSolution
		SolutionGuid = {113BEACD-0A7A-44CD-BC67-02082B5134EF}
	EndGlobalSection
EndGlobal
